// !$*UTF8*$!
{
	archiveVersion = 1;
	classes = {
	};
	objectVersion = 46;
	objects = {

/* Begin PBXBuildFile section */
		0C1180C01BE98567004C8F8F /* GoogleTests.mm in Sources */ = {isa = PBXBuildFile; fileRef = 0C1180A01BE93421004C8F8F /* GoogleTests.mm */; };
		0CE00B291C1F74ED00BEAAB1 /* main.m in Sources */ = {isa = PBXBuildFile; fileRef = 0CE9C2C21C1B59EE00981705 /* main.m */; };
		0CE00B2A1C1F74FA00BEAAB1 /* main.m in Sources */ = {isa = PBXBuildFile; fileRef = 0CE9C2C21C1B59EE00981705 /* main.m */; };
		0CE00B2B1C1F74FF00BEAAB1 /* main.m in Sources */ = {isa = PBXBuildFile; fileRef = 0CE9C2C21C1B59EE00981705 /* main.m */; };
		0CE9C1AF1C1A2B1C00981705 /* GoogleTests.mm in Sources */ = {isa = PBXBuildFile; fileRef = 0C1180A01BE93421004C8F8F /* GoogleTests.mm */; };
		0CE9C2421C1A419E00981705 /* GoogleTests.mm in Sources */ = {isa = PBXBuildFile; fileRef = 0C1180A01BE93421004C8F8F /* GoogleTests.mm */; };
		0CE9C2441C1A421E00981705 /* libc++.tbd in Frameworks */ = {isa = PBXBuildFile; fileRef = 0CE9C2431C1A421E00981705 /* libc++.tbd */; };
		0CE9C2451C1A422300981705 /* libc++.tbd in Frameworks */ = {isa = PBXBuildFile; fileRef = 0CE9C2431C1A421E00981705 /* libc++.tbd */; };
		0CE9C2961C1A542000981705 /* GoogleTests.mm in Sources */ = {isa = PBXBuildFile; fileRef = 0C1180A01BE93421004C8F8F /* GoogleTests.mm */; };
		0CE9C2971C1A542500981705 /* GoogleTests.mm in Sources */ = {isa = PBXBuildFile; fileRef = 0C1180A01BE93421004C8F8F /* GoogleTests.mm */; };
		0CE9C2991C1A550400981705 /* libc++.tbd in Frameworks */ = {isa = PBXBuildFile; fileRef = 0CE9C2981C1A550400981705 /* libc++.tbd */; };
		0CE9C29A1C1A550900981705 /* libc++.tbd in Frameworks */ = {isa = PBXBuildFile; fileRef = 0CE9C2981C1A550400981705 /* libc++.tbd */; };
		0CE9C2C31C1B59EE00981705 /* main.m in Sources */ = {isa = PBXBuildFile; fileRef = 0CE9C2C21C1B59EE00981705 /* main.m */; };
/* End PBXBuildFile section */

/* Begin PBXContainerItemProxy section */
		0C1180BE1BE984D2004C8F8F /* PBXContainerItemProxy */ = {
			isa = PBXContainerItemProxy;
			containerPortal = 0C0D27711A9BA1BA00FF71B0 /* Project object */;
			proxyType = 1;
			remoteGlobalIDString = 0C1180BA1BE984A3004C8F8F;
			remoteInfo = "scraps-tests-macosx";
		};
		0CE9C1AD1C1A2A2200981705 /* PBXContainerItemProxy */ = {
			isa = PBXContainerItemProxy;
			containerPortal = 0C0D27711A9BA1BA00FF71B0 /* Project object */;
			proxyType = 1;
			remoteGlobalIDString = 0C1180A21BE97F50004C8F8F;
			remoteInfo = "scraps-tests-iphoneos";
		};
		0CE9C23C1C1A407200981705 /* PBXContainerItemProxy */ = {
			isa = PBXContainerItemProxy;
			containerPortal = 0C0D27711A9BA1BA00FF71B0 /* Project object */;
			proxyType = 1;
			remoteGlobalIDString = 0CE9C2241C1A406200981705;
			remoteInfo = "scraps-tests-iphoneos-host";
		};
		0CE9C23E1C1A409800981705 /* PBXContainerItemProxy */ = {
			isa = PBXContainerItemProxy;
			containerPortal = 0C0D27711A9BA1BA00FF71B0 /* Project object */;
			proxyType = 1;
			remoteGlobalIDString = 0CE9C1D21C1A3F9F00981705;
			remoteInfo = "scraps-tests-iphonesimulator-host";
		};
		0CE9C2401C1A40A100981705 /* PBXContainerItemProxy */ = {
			isa = PBXContainerItemProxy;
			containerPortal = 0C0D27711A9BA1BA00FF71B0 /* Project object */;
			proxyType = 1;
			remoteGlobalIDString = 0C1180A61BE97F88004C8F8F;
			remoteInfo = "scraps-tests-iphonesimulator";
		};
		0CE9C27F1C1A53EB00981705 /* PBXContainerItemProxy */ = {
			isa = PBXContainerItemProxy;
			containerPortal = 0C0D27711A9BA1BA00FF71B0 /* Project object */;
			proxyType = 1;
			remoteGlobalIDString = 0CE9C2491C1A539A00981705;
			remoteInfo = "scraps-tests-appletvos-host";
		};
		0CE9C28D1C1A540100981705 /* PBXContainerItemProxy */ = {
			isa = PBXContainerItemProxy;
			containerPortal = 0C0D27711A9BA1BA00FF71B0 /* Project object */;
			proxyType = 1;
			remoteGlobalIDString = 0CE9C2611C1A53AC00981705;
			remoteInfo = "scraps-tests-appletvsimulator-host";
		};
		0CE9C2921C1A540B00981705 /* PBXContainerItemProxy */ = {
			isa = PBXContainerItemProxy;
			containerPortal = 0C0D27711A9BA1BA00FF71B0 /* Project object */;
			proxyType = 1;
			remoteGlobalIDString = 0C1180CD1BE9866E004C8F8F;
			remoteInfo = "scraps-tests-appletvos";
		};
		0CE9C2941C1A541300981705 /* PBXContainerItemProxy */ = {
			isa = PBXContainerItemProxy;
			containerPortal = 0C0D27711A9BA1BA00FF71B0 /* Project object */;
			proxyType = 1;
			remoteGlobalIDString = 0C1180D11BE9867D004C8F8F;
			remoteInfo = "scraps-tests-appletvsimulator";
		};
/* End PBXContainerItemProxy section */

/* Begin PBXFileReference section */
		0C0D277B1A9BA21000FF71B0 /* include */ = {isa = PBXFileReference; lastKnownFileType = folder; path = ../include; sourceTree = "<group>"; };
		0C0D277C1A9BA21000FF71B0 /* src */ = {isa = PBXFileReference; lastKnownFileType = folder; path = ../src; sourceTree = "<group>"; };
		0C0D277D1A9BA21000FF71B0 /* tests */ = {isa = PBXFileReference; lastKnownFileType = folder; path = tests; sourceTree = "<group>"; };
		0C1180A01BE93421004C8F8F /* GoogleTests.mm */ = {isa = PBXFileReference; lastKnownFileType = sourcecode.cpp.objcpp; name = GoogleTests.mm; path = "dependencies/ci-tacklebox/gtest-xcode/GoogleTests.mm"; sourceTree = "<group>"; };
		0C1180B21BE98490004C8F8F /* scraps-tests-macosx-bundle.xctest */ = {isa = PBXFileReference; explicitFileType = wrapper.cfbundle; includeInIndex = 0; path = "scraps-tests-macosx-bundle.xctest"; sourceTree = BUILT_PRODUCTS_DIR; };
		0C11812C1BEA6A48004C8F8F /* libc++.tbd */ = {isa = PBXFileReference; lastKnownFileType = "sourcecode.text-based-dylib-definition"; name = "libc++.tbd"; path = "Platforms/AppleTVOS.platform/Developer/SDKs/AppleTVOS9.0.sdk/usr/lib/libc++.tbd"; sourceTree = DEVELOPER_DIR; };
		0C4A064B1CB2C0BA00B57AE5 /* tests.xcconfig */ = {isa = PBXFileReference; lastKnownFileType = text.xcconfig; name = tests.xcconfig; path = tests/tests.xcconfig; sourceTree = "<group>"; };
		0CBA314A1C1F24160000D621 /* scraps-tests-appletvsimulator-bundle.xctest */ = {isa = PBXFileReference; explicitFileType = wrapper.cfbundle; includeInIndex = 0; path = "scraps-tests-appletvsimulator-bundle.xctest"; sourceTree = BUILT_PRODUCTS_DIR; };
		0CE9C1A31C1A29CD00981705 /* scraps-tests-iphoneos-bundle.xctest */ = {isa = PBXFileReference; explicitFileType = wrapper.cfbundle; includeInIndex = 0; path = "scraps-tests-iphoneos-bundle.xctest"; sourceTree = BUILT_PRODUCTS_DIR; };
		0CE9C1D31C1A3F9F00981705 /* scraps-tests-iphonesimulator-host.app */ = {isa = PBXFileReference; explicitFileType = wrapper.application; includeInIndex = 0; path = "scraps-tests-iphonesimulator-host.app"; sourceTree = BUILT_PRODUCTS_DIR; };
		0CE9C1FC1C1A403200981705 /* scraps-tests-iphonesimulator-bundle.xctest */ = {isa = PBXFileReference; explicitFileType = wrapper.cfbundle; includeInIndex = 0; path = "scraps-tests-iphonesimulator-bundle.xctest"; sourceTree = BUILT_PRODUCTS_DIR; };
		0CE9C2251C1A406200981705 /* scraps-tests-iphoneos-host.app */ = {isa = PBXFileReference; explicitFileType = wrapper.application; includeInIndex = 0; path = "scraps-tests-iphoneos-host.app"; sourceTree = BUILT_PRODUCTS_DIR; };
		0CE9C2431C1A421E00981705 /* libc++.tbd */ = {isa = PBXFileReference; lastKnownFileType = "sourcecode.text-based-dylib-definition"; name = "libc++.tbd"; path = "Platforms/iPhoneOS.platform/Developer/SDKs/iPhoneOS9.2.sdk/usr/lib/libc++.tbd"; sourceTree = DEVELOPER_DIR; };
		0CE9C24A1C1A539A00981705 /* scraps-tests-appletvos-host.app */ = {isa = PBXFileReference; explicitFileType = wrapper.application; includeInIndex = 0; path = "scraps-tests-appletvos-host.app"; sourceTree = BUILT_PRODUCTS_DIR; };
		0CE9C2621C1A53AC00981705 /* scraps-tests-appletvsimulator-host.app */ = {isa = PBXFileReference; explicitFileType = wrapper.application; includeInIndex = 0; path = "scraps-tests-appletvsimulator-host.app"; sourceTree = BUILT_PRODUCTS_DIR; };
		0CE9C27A1C1A53EB00981705 /* scraps-tests-appletvos-bundle.xctest */ = {isa = PBXFileReference; explicitFileType = wrapper.cfbundle; includeInIndex = 0; path = "scraps-tests-appletvos-bundle.xctest"; sourceTree = BUILT_PRODUCTS_DIR; };
		0CE9C2981C1A550400981705 /* libc++.tbd */ = {isa = PBXFileReference; lastKnownFileType = "sourcecode.text-based-dylib-definition"; name = "libc++.tbd"; path = "Platforms/AppleTVOS.platform/Developer/SDKs/AppleTVOS9.1.sdk/usr/lib/libc++.tbd"; sourceTree = DEVELOPER_DIR; };
		0CE9C2BD1C1B55F900981705 /* ios-bundle */ = {isa = PBXFileReference; lastKnownFileType = folder; name = "ios-bundle"; path = "dependencies/ci-tacklebox/gtest-xcode/ios-bundle"; sourceTree = "<group>"; };
		0CE9C2BE1C1B55F900981705 /* ios-host */ = {isa = PBXFileReference; lastKnownFileType = folder; name = "ios-host"; path = "dependencies/ci-tacklebox/gtest-xcode/ios-host"; sourceTree = "<group>"; };
		0CE9C2BF1C1B55F900981705 /* tvos-bundle */ = {isa = PBXFileReference; lastKnownFileType = folder; name = "tvos-bundle"; path = "dependencies/ci-tacklebox/gtest-xcode/tvos-bundle"; sourceTree = "<group>"; };
		0CE9C2C01C1B55F900981705 /* tvos-host */ = {isa = PBXFileReference; lastKnownFileType = folder; name = "tvos-host"; path = "dependencies/ci-tacklebox/gtest-xcode/tvos-host"; sourceTree = "<group>"; };
		0CE9C2C21C1B59EE00981705 /* main.m */ = {isa = PBXFileReference; lastKnownFileType = sourcecode.c.objc; name = main.m; path = "dependencies/ci-tacklebox/gtest-xcode/ios-host/main.m"; sourceTree = "<group>"; };
/* End PBXFileReference section */

/* Begin PBXFrameworksBuildPhase section */
		0C1180AF1BE98490004C8F8F /* Frameworks */ = {
			isa = PBXFrameworksBuildPhase;
			buildActionMask = 2147483647;
			files = (
			);
			runOnlyForDeploymentPostprocessing = 0;
		};
		0CE9C1A01C1A29CD00981705 /* Frameworks */ = {
			isa = PBXFrameworksBuildPhase;
			buildActionMask = 2147483647;
			files = (
			);
			runOnlyForDeploymentPostprocessing = 0;
		};
		0CE9C1D01C1A3F9F00981705 /* Frameworks */ = {
			isa = PBXFrameworksBuildPhase;
			buildActionMask = 2147483647;
			files = (
				0CE9C2451C1A422300981705 /* libc++.tbd in Frameworks */,
			);
			runOnlyForDeploymentPostprocessing = 0;
		};
		0CE9C1F91C1A403200981705 /* Frameworks */ = {
			isa = PBXFrameworksBuildPhase;
			buildActionMask = 2147483647;
			files = (
			);
			runOnlyForDeploymentPostprocessing = 0;
		};
		0CE9C2221C1A406200981705 /* Frameworks */ = {
			isa = PBXFrameworksBuildPhase;
			buildActionMask = 2147483647;
			files = (
				0CE9C2441C1A421E00981705 /* libc++.tbd in Frameworks */,
			);
			runOnlyForDeploymentPostprocessing = 0;
		};
		0CE9C2471C1A539A00981705 /* Frameworks */ = {
			isa = PBXFrameworksBuildPhase;
			buildActionMask = 2147483647;
			files = (
				0CE9C2991C1A550400981705 /* libc++.tbd in Frameworks */,
			);
			runOnlyForDeploymentPostprocessing = 0;
		};
		0CE9C25F1C1A53AC00981705 /* Frameworks */ = {
			isa = PBXFrameworksBuildPhase;
			buildActionMask = 2147483647;
			files = (
				0CE9C29A1C1A550900981705 /* libc++.tbd in Frameworks */,
			);
			runOnlyForDeploymentPostprocessing = 0;
		};
		0CE9C2771C1A53EB00981705 /* Frameworks */ = {
			isa = PBXFrameworksBuildPhase;
			buildActionMask = 2147483647;
			files = (
			);
			runOnlyForDeploymentPostprocessing = 0;
		};
		0CE9C2851C1A540100981705 /* Frameworks */ = {
			isa = PBXFrameworksBuildPhase;
			buildActionMask = 2147483647;
			files = (
			);
			runOnlyForDeploymentPostprocessing = 0;
		};
/* End PBXFrameworksBuildPhase section */

/* Begin PBXGroup section */
		0C0D27701A9BA1BA00FF71B0 = {
			isa = PBXGroup;
			children = (
				0C0D277B1A9BA21000FF71B0 /* include */,
				0C0D277C1A9BA21000FF71B0 /* src */,
				0C0D277D1A9BA21000FF71B0 /* tests */,
				0CE9C2C11C1B560B00981705 /* tests */,
			);
			sourceTree = "<group>";
		};
		0CE9C2C11C1B560B00981705 /* tests */ = {
			isa = PBXGroup;
			children = (
				0CE9C2621C1A53AC00981705 /* scraps-tests-appletvsimulator-host.app */,
				0CE9C1D31C1A3F9F00981705 /* scraps-tests-iphonesimulator-host.app */,
				0CE9C2251C1A406200981705 /* scraps-tests-iphoneos-host.app */,
				0CE9C24A1C1A539A00981705 /* scraps-tests-appletvos-host.app */,
				0C1180B21BE98490004C8F8F /* scraps-tests-macosx-bundle.xctest */,
				0CE9C1A31C1A29CD00981705 /* scraps-tests-iphoneos-bundle.xctest */,
				0CE9C1FC1C1A403200981705 /* scraps-tests-iphonesimulator-bundle.xctest */,
				0CE9C27A1C1A53EB00981705 /* scraps-tests-appletvos-bundle.xctest */,
				0CBA314A1C1F24160000D621 /* scraps-tests-appletvsimulator-bundle.xctest */,
				0CE9C2981C1A550400981705 /* libc++.tbd */,
				0CE9C2431C1A421E00981705 /* libc++.tbd */,
				0C11812C1BEA6A48004C8F8F /* libc++.tbd */,
				0CE9C2C41C1B59F800981705 /* ios */,
				0C1180A01BE93421004C8F8F /* GoogleTests.mm */,
				0C4A064B1CB2C0BA00B57AE5 /* tests.xcconfig */,
				0CE9C2BD1C1B55F900981705 /* ios-bundle */,
				0CE9C2BE1C1B55F900981705 /* ios-host */,
				0CE9C2BF1C1B55F900981705 /* tvos-bundle */,
				0CE9C2C01C1B55F900981705 /* tvos-host */,
			);
			name = tests;
			sourceTree = "<group>";
		};
		0CE9C2C41C1B59F800981705 /* ios */ = {
			isa = PBXGroup;
			children = (
				0CE9C2C61C1B5A0800981705 /* bundle */,
				0CE9C2C51C1B5A0300981705 /* host */,
			);
			name = ios;
			sourceTree = "<group>";
		};
		0CE9C2C51C1B5A0300981705 /* host */ = {
			isa = PBXGroup;
			children = (
				0CE9C2C21C1B59EE00981705 /* main.m */,
			);
			name = host;
			sourceTree = "<group>";
		};
		0CE9C2C61C1B5A0800981705 /* bundle */ = {
			isa = PBXGroup;
			children = (
			);
			name = bundle;
			sourceTree = "<group>";
		};
/* End PBXGroup section */

/* Begin PBXLegacyTarget section */
		0C0D27751A9BA1BA00FF71B0 /* scraps */ = {
			isa = PBXLegacyTarget;
			buildArgumentsString = "--target=lib --platform=$(PLATFORM_NAME) --configuration=$(CONFIGURATION:rfc1034identifier:lower)";
			buildConfigurationList = 0C0D27781A9BA1BA00FF71B0 /* Build configuration list for PBXLegacyTarget "scraps" */;
			buildPhases = (
			);
			buildToolPath = ./build;
			buildWorkingDirectory = "$(PROJECT_DIR)";
			dependencies = (
			);
			name = scraps;
			passBuildSettingsInEnvironment = 1;
			productName = scraps;
		};
		0C1180A21BE97F50004C8F8F /* scraps-tests-iphoneos */ = {
			isa = PBXLegacyTarget;
			buildArgumentsString = "--target=tests --platform=iphoneos --configuration=$(CONFIGURATION:rfc1034identifier:lower)";
			buildConfigurationList = 0C1180A31BE97F50004C8F8F /* Build configuration list for PBXLegacyTarget "scraps-tests-iphoneos" */;
			buildPhases = (
			);
			buildToolPath = ./build;
			buildWorkingDirectory = "$(PROJECT_DIR)";
			dependencies = (
			);
			name = "scraps-tests-iphoneos";
			passBuildSettingsInEnvironment = 1;
			productName = "scraps-tests-iphoneos";
		};
		0C1180A61BE97F88004C8F8F /* scraps-tests-iphonesimulator */ = {
			isa = PBXLegacyTarget;
			buildArgumentsString = "--target=tests --platform=iphonesimulator --configuration=$(CONFIGURATION:rfc1034identifier:lower)";
			buildConfigurationList = 0C1180A71BE97F88004C8F8F /* Build configuration list for PBXLegacyTarget "scraps-tests-iphonesimulator" */;
			buildPhases = (
			);
			buildToolPath = ./build;
			buildWorkingDirectory = "$(PROJECT_DIR)";
			dependencies = (
			);
			name = "scraps-tests-iphonesimulator";
			passBuildSettingsInEnvironment = 1;
			productName = "scraps-tests-iphonesimulator";
		};
		0C1180BA1BE984A3004C8F8F /* scraps-tests-macosx */ = {
			isa = PBXLegacyTarget;
			buildArgumentsString = "--target=tests --platform=macosx --configuration=$(CONFIGURATION:rfc1034identifier:lower)";
			buildConfigurationList = 0C1180BB1BE984A3004C8F8F /* Build configuration list for PBXLegacyTarget "scraps-tests-macosx" */;
			buildPhases = (
			);
			buildToolPath = ./build;
			buildWorkingDirectory = "$(PROJECT_DIR)";
			dependencies = (
			);
			name = "scraps-tests-macosx";
			passBuildSettingsInEnvironment = 1;
			productName = "scraps-tests-macosx";
		};
		0C1180CD1BE9866E004C8F8F /* scraps-tests-appletvos */ = {
			isa = PBXLegacyTarget;
			buildArgumentsString = "--target=tests --platform=appletvos --configuration=$(CONFIGURATION:rfc1034identifier:lower)";
			buildConfigurationList = 0C1180CE1BE9866E004C8F8F /* Build configuration list for PBXLegacyTarget "scraps-tests-appletvos" */;
			buildPhases = (
			);
			buildToolPath = ./build;
			buildWorkingDirectory = "$(PROJECT_DIR)";
			dependencies = (
			);
			name = "scraps-tests-appletvos";
			passBuildSettingsInEnvironment = 1;
			productName = "scraps-tests-appletvos";
		};
		0C1180D11BE9867D004C8F8F /* scraps-tests-appletvsimulator */ = {
			isa = PBXLegacyTarget;
			buildArgumentsString = "--target=tests --platform=appletvsimulator --configuration=$(CONFIGURATION:rfc1034identifier:lower)";
			buildConfigurationList = 0C1180D21BE9867D004C8F8F /* Build configuration list for PBXLegacyTarget "scraps-tests-appletvsimulator" */;
			buildPhases = (
			);
			buildToolPath = ./build;
			buildWorkingDirectory = "$(PROJECT_DIR)";
			dependencies = (
			);
			name = "scraps-tests-appletvsimulator";
			passBuildSettingsInEnvironment = 1;
			productName = "scraps-tests-appletvsimulator";
		};
/* End PBXLegacyTarget section */

/* Begin PBXNativeTarget section */
		0C1180B11BE98490004C8F8F /* scraps-tests-macosx-bundle */ = {
			isa = PBXNativeTarget;
			buildConfigurationList = 0C1180B71BE98490004C8F8F /* Build configuration list for PBXNativeTarget "scraps-tests-macosx-bundle" */;
			buildPhases = (
				0C1180AE1BE98490004C8F8F /* Sources */,
				0C1180AF1BE98490004C8F8F /* Frameworks */,
				0C1180B01BE98490004C8F8F /* Resources */,
			);
			buildRules = (
			);
			dependencies = (
				0C1180BF1BE984D2004C8F8F /* PBXTargetDependency */,
			);
			name = "scraps-tests-macosx-bundle";
			productName = "scraps-tests-macosx-bundle";
			productReference = 0C1180B21BE98490004C8F8F /* scraps-tests-macosx-bundle.xctest */;
			productType = "com.apple.product-type.bundle.unit-test";
		};
		0CE9C1A21C1A29CD00981705 /* scraps-tests-iphoneos-bundle */ = {
			isa = PBXNativeTarget;
			buildConfigurationList = 0CE9C1AC1C1A29CD00981705 /* Build configuration list for PBXNativeTarget "scraps-tests-iphoneos-bundle" */;
			buildPhases = (
				0CE9C19F1C1A29CD00981705 /* Sources */,
				0CE9C1A01C1A29CD00981705 /* Frameworks */,
				0CE9C1A11C1A29CD00981705 /* Resources */,
			);
			buildRules = (
			);
			dependencies = (
				0CE9C23D1C1A407200981705 /* PBXTargetDependency */,
				0CE9C1AE1C1A2A2200981705 /* PBXTargetDependency */,
			);
			name = "scraps-tests-iphoneos-bundle";
			productName = "scraps-tests-iphoneos-bundle";
			productReference = 0CE9C1A31C1A29CD00981705 /* scraps-tests-iphoneos-bundle.xctest */;
			productType = "com.apple.product-type.bundle.unit-test";
		};
		0CE9C1D21C1A3F9F00981705 /* scraps-tests-iphonesimulator-host */ = {
			isa = PBXNativeTarget;
			buildConfigurationList = 0CE9C1E71C1A3F9F00981705 /* Build configuration list for PBXNativeTarget "scraps-tests-iphonesimulator-host" */;
			buildPhases = (
				0CE9C1CF1C1A3F9F00981705 /* Sources */,
				0CE9C1D01C1A3F9F00981705 /* Frameworks */,
				0CE9C1D11C1A3F9F00981705 /* Resources */,
			);
			buildRules = (
			);
			dependencies = (
			);
			name = "scraps-tests-iphonesimulator-host";
			productName = "scraps-tests-iphonesimulator-host";
			productReference = 0CE9C1D31C1A3F9F00981705 /* scraps-tests-iphonesimulator-host.app */;
			productType = "com.apple.product-type.application";
		};
		0CE9C1FB1C1A403200981705 /* scraps-tests-iphonesimulator-bundle */ = {
			isa = PBXNativeTarget;
			buildConfigurationList = 0CE9C2031C1A403200981705 /* Build configuration list for PBXNativeTarget "scraps-tests-iphonesimulator-bundle" */;
			buildPhases = (
				0CE9C1F81C1A403200981705 /* Sources */,
				0CE9C1F91C1A403200981705 /* Frameworks */,
				0CE9C1FA1C1A403200981705 /* Resources */,
			);
			buildRules = (
			);
			dependencies = (
				0CE9C23F1C1A409800981705 /* PBXTargetDependency */,
				0CE9C2411C1A40A100981705 /* PBXTargetDependency */,
			);
			name = "scraps-tests-iphonesimulator-bundle";
			productName = "scraps-tests-iphonesimulator-bundle";
			productReference = 0CE9C1FC1C1A403200981705 /* scraps-tests-iphonesimulator-bundle.xctest */;
			productType = "com.apple.product-type.bundle.unit-test";
		};
		0CE9C2241C1A406200981705 /* scraps-tests-iphoneos-host */ = {
			isa = PBXNativeTarget;
			buildConfigurationList = 0CE9C2391C1A406200981705 /* Build configuration list for PBXNativeTarget "scraps-tests-iphoneos-host" */;
			buildPhases = (
				0CE9C2211C1A406200981705 /* Sources */,
				0CE9C2221C1A406200981705 /* Frameworks */,
				0CE9C2231C1A406200981705 /* Resources */,
			);
			buildRules = (
			);
			dependencies = (
			);
			name = "scraps-tests-iphoneos-host";
			productName = "scraps-tests-iphoneos-host";
			productReference = 0CE9C2251C1A406200981705 /* scraps-tests-iphoneos-host.app */;
			productType = "com.apple.product-type.application";
		};
		0CE9C2491C1A539A00981705 /* scraps-tests-appletvos-host */ = {
			isa = PBXNativeTarget;
			buildConfigurationList = 0CE9C25B1C1A539A00981705 /* Build configuration list for PBXNativeTarget "scraps-tests-appletvos-host" */;
			buildPhases = (
				0CE9C2461C1A539A00981705 /* Sources */,
				0CE9C2471C1A539A00981705 /* Frameworks */,
				0CE9C2481C1A539A00981705 /* Resources */,
			);
			buildRules = (
			);
			dependencies = (
			);
			name = "scraps-tests-appletvos-host";
			productName = "scraps-tests-appletvos-host";
			productReference = 0CE9C24A1C1A539A00981705 /* scraps-tests-appletvos-host.app */;
			productType = "com.apple.product-type.application";
		};
		0CE9C2611C1A53AC00981705 /* scraps-tests-appletvsimulator-host */ = {
			isa = PBXNativeTarget;
			buildConfigurationList = 0CE9C2731C1A53AD00981705 /* Build configuration list for PBXNativeTarget "scraps-tests-appletvsimulator-host" */;
			buildPhases = (
				0CE9C25E1C1A53AC00981705 /* Sources */,
				0CE9C25F1C1A53AC00981705 /* Frameworks */,
				0CE9C2601C1A53AC00981705 /* Resources */,
			);
			buildRules = (
			);
			dependencies = (
			);
			name = "scraps-tests-appletvsimulator-host";
			productName = "scraps-tests-appletvsimulator-host";
			productReference = 0CE9C2621C1A53AC00981705 /* scraps-tests-appletvsimulator-host.app */;
			productType = "com.apple.product-type.application";
		};
		0CE9C2791C1A53EB00981705 /* scraps-tests-appletvos-bundle */ = {
			isa = PBXNativeTarget;
			buildConfigurationList = 0CE9C2811C1A53EB00981705 /* Build configuration list for PBXNativeTarget "scraps-tests-appletvos-bundle" */;
			buildPhases = (
				0CE9C2761C1A53EB00981705 /* Sources */,
				0CE9C2771C1A53EB00981705 /* Frameworks */,
				0CE9C2781C1A53EB00981705 /* Resources */,
			);
			buildRules = (
			);
			dependencies = (
				0CE9C2801C1A53EB00981705 /* PBXTargetDependency */,
				0CE9C2931C1A540B00981705 /* PBXTargetDependency */,
			);
			name = "scraps-tests-appletvos-bundle";
			productName = "scraps-tests-appletvos-bundle";
			productReference = 0CE9C27A1C1A53EB00981705 /* scraps-tests-appletvos-bundle.xctest */;
			productType = "com.apple.product-type.bundle.unit-test";
		};
		0CE9C2871C1A540100981705 /* scraps-tests-appletvsimulator-bundle */ = {
			isa = PBXNativeTarget;
			buildConfigurationList = 0CE9C28F1C1A540100981705 /* Build configuration list for PBXNativeTarget "scraps-tests-appletvsimulator-bundle" */;
			buildPhases = (
				0CE9C2841C1A540100981705 /* Sources */,
				0CE9C2851C1A540100981705 /* Frameworks */,
				0CE9C2861C1A540100981705 /* Resources */,
			);
			buildRules = (
			);
			dependencies = (
				0CE9C28E1C1A540100981705 /* PBXTargetDependency */,
				0CE9C2951C1A541300981705 /* PBXTargetDependency */,
			);
			name = "scraps-tests-appletvsimulator-bundle";
			productName = "scraps-tests-appletvsimulator-bundle";
			productReference = 0CBA314A1C1F24160000D621 /* scraps-tests-appletvsimulator-bundle.xctest */;
			productType = "com.apple.product-type.bundle.unit-test";
		};
/* End PBXNativeTarget section */

/* Begin PBXProject section */
		0C0D27711A9BA1BA00FF71B0 /* Project object */ = {
			isa = PBXProject;
			attributes = {
				LastUpgradeCheck = 0710;
				TargetAttributes = {
					0C0D27751A9BA1BA00FF71B0 = {
						CreatedOnToolsVersion = 6.1.1;
					};
					0C1180A21BE97F50004C8F8F = {
						CreatedOnToolsVersion = 7.1;
					};
					0C1180A61BE97F88004C8F8F = {
						CreatedOnToolsVersion = 7.1;
					};
					0C1180B11BE98490004C8F8F = {
						CreatedOnToolsVersion = 7.1;
					};
					0C1180BA1BE984A3004C8F8F = {
						CreatedOnToolsVersion = 7.1;
					};
					0C1180CD1BE9866E004C8F8F = {
						CreatedOnToolsVersion = 7.1;
					};
					0C1180D11BE9867D004C8F8F = {
						CreatedOnToolsVersion = 7.1;
					};
					0CE9C1A21C1A29CD00981705 = {
						CreatedOnToolsVersion = 7.2;
						TestTargetID = 0CE9C2241C1A406200981705;
					};
					0CE9C1D21C1A3F9F00981705 = {
						CreatedOnToolsVersion = 7.2;
					};
					0CE9C1FB1C1A403200981705 = {
						CreatedOnToolsVersion = 7.2;
						TestTargetID = 0CE9C1D21C1A3F9F00981705;
					};
					0CE9C2241C1A406200981705 = {
						CreatedOnToolsVersion = 7.2;
					};
					0CE9C2491C1A539A00981705 = {
						CreatedOnToolsVersion = 7.2;
					};
					0CE9C2611C1A53AC00981705 = {
						CreatedOnToolsVersion = 7.2;
					};
					0CE9C2791C1A53EB00981705 = {
						CreatedOnToolsVersion = 7.2;
						TestTargetID = 0CE9C2491C1A539A00981705;
					};
					0CE9C2871C1A540100981705 = {
						CreatedOnToolsVersion = 7.2;
						TestTargetID = 0CE9C2611C1A53AC00981705;
					};
				};
			};
			buildConfigurationList = 0C0D27741A9BA1BA00FF71B0 /* Build configuration list for PBXProject "scraps" */;
			compatibilityVersion = "Xcode 3.2";
			developmentRegion = English;
			hasScannedForEncodings = 0;
			knownRegions = (
				en,
				Base,
			);
			mainGroup = 0C0D27701A9BA1BA00FF71B0;
			productRefGroup = 0C0D27701A9BA1BA00FF71B0;
			projectDirPath = "";
			projectRoot = "";
			targets = (
				0C0D27751A9BA1BA00FF71B0 /* scraps */,
				0C1180BA1BE984A3004C8F8F /* scraps-tests-macosx */,
				0C1180A21BE97F50004C8F8F /* scraps-tests-iphoneos */,
				0C1180A61BE97F88004C8F8F /* scraps-tests-iphonesimulator */,
				0C1180CD1BE9866E004C8F8F /* scraps-tests-appletvos */,
				0C1180D11BE9867D004C8F8F /* scraps-tests-appletvsimulator */,
				0C1180B11BE98490004C8F8F /* scraps-tests-macosx-bundle */,
				0CE9C1A21C1A29CD00981705 /* scraps-tests-iphoneos-bundle */,
				0CE9C1FB1C1A403200981705 /* scraps-tests-iphonesimulator-bundle */,
				0CE9C2791C1A53EB00981705 /* scraps-tests-appletvos-bundle */,
				0CE9C2871C1A540100981705 /* scraps-tests-appletvsimulator-bundle */,
				0CE9C2241C1A406200981705 /* scraps-tests-iphoneos-host */,
				0CE9C1D21C1A3F9F00981705 /* scraps-tests-iphonesimulator-host */,
				0CE9C2491C1A539A00981705 /* scraps-tests-appletvos-host */,
				0CE9C2611C1A53AC00981705 /* scraps-tests-appletvsimulator-host */,
			);
		};
/* End PBXProject section */

/* Begin PBXResourcesBuildPhase section */
		0C1180B01BE98490004C8F8F /* Resources */ = {
			isa = PBXResourcesBuildPhase;
			buildActionMask = 2147483647;
			files = (
			);
			runOnlyForDeploymentPostprocessing = 0;
		};
		0CE9C1A11C1A29CD00981705 /* Resources */ = {
			isa = PBXResourcesBuildPhase;
			buildActionMask = 2147483647;
			files = (
			);
			runOnlyForDeploymentPostprocessing = 0;
		};
		0CE9C1D11C1A3F9F00981705 /* Resources */ = {
			isa = PBXResourcesBuildPhase;
			buildActionMask = 2147483647;
			files = (
			);
			runOnlyForDeploymentPostprocessing = 0;
		};
		0CE9C1FA1C1A403200981705 /* Resources */ = {
			isa = PBXResourcesBuildPhase;
			buildActionMask = 2147483647;
			files = (
			);
			runOnlyForDeploymentPostprocessing = 0;
		};
		0CE9C2231C1A406200981705 /* Resources */ = {
			isa = PBXResourcesBuildPhase;
			buildActionMask = 2147483647;
			files = (
			);
			runOnlyForDeploymentPostprocessing = 0;
		};
		0CE9C2481C1A539A00981705 /* Resources */ = {
			isa = PBXResourcesBuildPhase;
			buildActionMask = 2147483647;
			files = (
			);
			runOnlyForDeploymentPostprocessing = 0;
		};
		0CE9C2601C1A53AC00981705 /* Resources */ = {
			isa = PBXResourcesBuildPhase;
			buildActionMask = 2147483647;
			files = (
			);
			runOnlyForDeploymentPostprocessing = 0;
		};
		0CE9C2781C1A53EB00981705 /* Resources */ = {
			isa = PBXResourcesBuildPhase;
			buildActionMask = 2147483647;
			files = (
			);
			runOnlyForDeploymentPostprocessing = 0;
		};
		0CE9C2861C1A540100981705 /* Resources */ = {
			isa = PBXResourcesBuildPhase;
			buildActionMask = 2147483647;
			files = (
			);
			runOnlyForDeploymentPostprocessing = 0;
		};
/* End PBXResourcesBuildPhase section */

/* Begin PBXSourcesBuildPhase section */
		0C1180AE1BE98490004C8F8F /* Sources */ = {
			isa = PBXSourcesBuildPhase;
			buildActionMask = 2147483647;
			files = (
				0C1180C01BE98567004C8F8F /* GoogleTests.mm in Sources */,
			);
			runOnlyForDeploymentPostprocessing = 0;
		};
		0CE9C19F1C1A29CD00981705 /* Sources */ = {
			isa = PBXSourcesBuildPhase;
			buildActionMask = 2147483647;
			files = (
				0CE9C1AF1C1A2B1C00981705 /* GoogleTests.mm in Sources */,
			);
			runOnlyForDeploymentPostprocessing = 0;
		};
		0CE9C1CF1C1A3F9F00981705 /* Sources */ = {
			isa = PBXSourcesBuildPhase;
			buildActionMask = 2147483647;
			files = (
				0CE00B291C1F74ED00BEAAB1 /* main.m in Sources */,
			);
			runOnlyForDeploymentPostprocessing = 0;
		};
		0CE9C1F81C1A403200981705 /* Sources */ = {
			isa = PBXSourcesBuildPhase;
			buildActionMask = 2147483647;
			files = (
				0CE9C2421C1A419E00981705 /* GoogleTests.mm in Sources */,
			);
			runOnlyForDeploymentPostprocessing = 0;
		};
		0CE9C2211C1A406200981705 /* Sources */ = {
			isa = PBXSourcesBuildPhase;
			buildActionMask = 2147483647;
			files = (
				0CE9C2C31C1B59EE00981705 /* main.m in Sources */,
			);
			runOnlyForDeploymentPostprocessing = 0;
		};
		0CE9C2461C1A539A00981705 /* Sources */ = {
			isa = PBXSourcesBuildPhase;
			buildActionMask = 2147483647;
			files = (
				0CE00B2A1C1F74FA00BEAAB1 /* main.m in Sources */,
			);
			runOnlyForDeploymentPostprocessing = 0;
		};
		0CE9C25E1C1A53AC00981705 /* Sources */ = {
			isa = PBXSourcesBuildPhase;
			buildActionMask = 2147483647;
			files = (
				0CE00B2B1C1F74FF00BEAAB1 /* main.m in Sources */,
			);
			runOnlyForDeploymentPostprocessing = 0;
		};
		0CE9C2761C1A53EB00981705 /* Sources */ = {
			isa = PBXSourcesBuildPhase;
			buildActionMask = 2147483647;
			files = (
				0CE9C2961C1A542000981705 /* GoogleTests.mm in Sources */,
			);
			runOnlyForDeploymentPostprocessing = 0;
		};
		0CE9C2841C1A540100981705 /* Sources */ = {
			isa = PBXSourcesBuildPhase;
			buildActionMask = 2147483647;
			files = (
				0CE9C2971C1A542500981705 /* GoogleTests.mm in Sources */,
			);
			runOnlyForDeploymentPostprocessing = 0;
		};
/* End PBXSourcesBuildPhase section */

/* Begin PBXTargetDependency section */
		0C1180BF1BE984D2004C8F8F /* PBXTargetDependency */ = {
			isa = PBXTargetDependency;
			target = 0C1180BA1BE984A3004C8F8F /* scraps-tests-macosx */;
			targetProxy = 0C1180BE1BE984D2004C8F8F /* PBXContainerItemProxy */;
		};
		0CE9C1AE1C1A2A2200981705 /* PBXTargetDependency */ = {
			isa = PBXTargetDependency;
			target = 0C1180A21BE97F50004C8F8F /* scraps-tests-iphoneos */;
			targetProxy = 0CE9C1AD1C1A2A2200981705 /* PBXContainerItemProxy */;
		};
		0CE9C23D1C1A407200981705 /* PBXTargetDependency */ = {
			isa = PBXTargetDependency;
			target = 0CE9C2241C1A406200981705 /* scraps-tests-iphoneos-host */;
			targetProxy = 0CE9C23C1C1A407200981705 /* PBXContainerItemProxy */;
		};
		0CE9C23F1C1A409800981705 /* PBXTargetDependency */ = {
			isa = PBXTargetDependency;
			target = 0CE9C1D21C1A3F9F00981705 /* scraps-tests-iphonesimulator-host */;
			targetProxy = 0CE9C23E1C1A409800981705 /* PBXContainerItemProxy */;
		};
		0CE9C2411C1A40A100981705 /* PBXTargetDependency */ = {
			isa = PBXTargetDependency;
			target = 0C1180A61BE97F88004C8F8F /* scraps-tests-iphonesimulator */;
			targetProxy = 0CE9C2401C1A40A100981705 /* PBXContainerItemProxy */;
		};
		0CE9C2801C1A53EB00981705 /* PBXTargetDependency */ = {
			isa = PBXTargetDependency;
			target = 0CE9C2491C1A539A00981705 /* scraps-tests-appletvos-host */;
			targetProxy = 0CE9C27F1C1A53EB00981705 /* PBXContainerItemProxy */;
		};
		0CE9C28E1C1A540100981705 /* PBXTargetDependency */ = {
			isa = PBXTargetDependency;
			target = 0CE9C2611C1A53AC00981705 /* scraps-tests-appletvsimulator-host */;
			targetProxy = 0CE9C28D1C1A540100981705 /* PBXContainerItemProxy */;
		};
		0CE9C2931C1A540B00981705 /* PBXTargetDependency */ = {
			isa = PBXTargetDependency;
			target = 0C1180CD1BE9866E004C8F8F /* scraps-tests-appletvos */;
			targetProxy = 0CE9C2921C1A540B00981705 /* PBXContainerItemProxy */;
		};
		0CE9C2951C1A541300981705 /* PBXTargetDependency */ = {
			isa = PBXTargetDependency;
			target = 0C1180D11BE9867D004C8F8F /* scraps-tests-appletvsimulator */;
			targetProxy = 0CE9C2941C1A541300981705 /* PBXContainerItemProxy */;
		};
/* End PBXTargetDependency section */

/* Begin XCBuildConfiguration section */
		0C0D27761A9BA1BA00FF71B0 /* Debug */ = {
			isa = XCBuildConfiguration;
			baseConfigurationReference = 0C4A064B1CB2C0BA00B57AE5 /* tests.xcconfig */;
			buildSettings = {
				ALWAYS_SEARCH_USER_PATHS = NO;
				CLANG_CXX_LANGUAGE_STANDARD = "gnu++0x";
				CLANG_CXX_LIBRARY = "libc++";
				CLANG_ENABLE_MODULES = YES;
				CLANG_ENABLE_OBJC_ARC = YES;
				CLANG_WARN_BOOL_CONVERSION = YES;
				CLANG_WARN_CONSTANT_CONVERSION = YES;
				CLANG_WARN_DIRECT_OBJC_ISA_USAGE = YES_ERROR;
				CLANG_WARN_EMPTY_BODY = YES;
				CLANG_WARN_ENUM_CONVERSION = YES;
				CLANG_WARN_INT_CONVERSION = YES;
				CLANG_WARN_OBJC_ROOT_CLASS = YES_ERROR;
				CLANG_WARN_UNREACHABLE_CODE = YES;
				CLANG_WARN__DUPLICATE_METHOD_MATCH = YES;
				COPY_PHASE_STRIP = NO;
				ENABLE_STRICT_OBJC_MSGSEND = YES;
				ENABLE_TESTABILITY = YES;
				GCC_C_LANGUAGE_STANDARD = gnu99;
				GCC_DYNAMIC_NO_PIC = NO;
				GCC_OPTIMIZATION_LEVEL = 0;
				GCC_PREPROCESSOR_DEFINITIONS = (
					"DEBUG=1",
					"$(inherited)",
				);
				GCC_SYMBOLS_PRIVATE_EXTERN = NO;
				GCC_WARN_64_TO_32_BIT_CONVERSION = YES;
				GCC_WARN_ABOUT_RETURN_TYPE = YES_ERROR;
				GCC_WARN_UNDECLARED_SELECTOR = YES;
				GCC_WARN_UNINITIALIZED_AUTOS = YES_AGGRESSIVE;
				GCC_WARN_UNUSED_FUNCTION = YES;
				GCC_WARN_UNUSED_VARIABLE = YES;
				IPHONEOS_DEPLOYMENT_TARGET = 8.0;
				MACOSX_DEPLOYMENT_TARGET = 10.10;
				MTL_ENABLE_DEBUG_INFO = YES;
				ONLY_ACTIVE_ARCH = YES;
				SDKROOT = macosx;
			};
			name = Debug;
		};
		0C0D27771A9BA1BA00FF71B0 /* Release */ = {
			isa = XCBuildConfiguration;
			baseConfigurationReference = 0C4A064B1CB2C0BA00B57AE5 /* tests.xcconfig */;
			buildSettings = {
				ALWAYS_SEARCH_USER_PATHS = NO;
				CLANG_CXX_LANGUAGE_STANDARD = "gnu++0x";
				CLANG_CXX_LIBRARY = "libc++";
				CLANG_ENABLE_MODULES = YES;
				CLANG_ENABLE_OBJC_ARC = YES;
				CLANG_WARN_BOOL_CONVERSION = YES;
				CLANG_WARN_CONSTANT_CONVERSION = YES;
				CLANG_WARN_DIRECT_OBJC_ISA_USAGE = YES_ERROR;
				CLANG_WARN_EMPTY_BODY = YES;
				CLANG_WARN_ENUM_CONVERSION = YES;
				CLANG_WARN_INT_CONVERSION = YES;
				CLANG_WARN_OBJC_ROOT_CLASS = YES_ERROR;
				CLANG_WARN_UNREACHABLE_CODE = YES;
				CLANG_WARN__DUPLICATE_METHOD_MATCH = YES;
				COPY_PHASE_STRIP = YES;
				DEBUG_INFORMATION_FORMAT = "dwarf-with-dsym";
				ENABLE_NS_ASSERTIONS = NO;
				ENABLE_STRICT_OBJC_MSGSEND = YES;
				GCC_C_LANGUAGE_STANDARD = gnu99;
				GCC_WARN_64_TO_32_BIT_CONVERSION = YES;
				GCC_WARN_ABOUT_RETURN_TYPE = YES_ERROR;
				GCC_WARN_UNDECLARED_SELECTOR = YES;
				GCC_WARN_UNINITIALIZED_AUTOS = YES_AGGRESSIVE;
				GCC_WARN_UNUSED_FUNCTION = YES;
				GCC_WARN_UNUSED_VARIABLE = YES;
				IPHONEOS_DEPLOYMENT_TARGET = 8.0;
				MACOSX_DEPLOYMENT_TARGET = 10.10;
				MTL_ENABLE_DEBUG_INFO = NO;
				SDKROOT = macosx;
			};
			name = Release;
		};
		0C0D27791A9BA1BA00FF71B0 /* Debug */ = {
			isa = XCBuildConfiguration;
			buildSettings = {
				DEBUGGING_SYMBOLS = YES;
				GCC_GENERATE_DEBUGGING_SYMBOLS = YES;
				GCC_OPTIMIZATION_LEVEL = 0;
				OTHER_CFLAGS = "";
				OTHER_LDFLAGS = "";
				PRODUCT_NAME = "$(TARGET_NAME)";
			};
			name = Debug;
		};
		0C0D277A1A9BA1BA00FF71B0 /* Release */ = {
			isa = XCBuildConfiguration;
			buildSettings = {
				OTHER_CFLAGS = "";
				OTHER_LDFLAGS = "";
				PRODUCT_NAME = "$(TARGET_NAME)";
			};
			name = Release;
		};
		0C1180A41BE97F50004C8F8F /* Debug */ = {
			isa = XCBuildConfiguration;
			buildSettings = {
				DEBUGGING_SYMBOLS = YES;
				DEBUG_INFORMATION_FORMAT = dwarf;
				GCC_GENERATE_DEBUGGING_SYMBOLS = YES;
				GCC_NO_COMMON_BLOCKS = YES;
				GCC_OPTIMIZATION_LEVEL = 0;
				OTHER_CFLAGS = "";
				OTHER_LDFLAGS = "";
				PRODUCT_NAME = "$(TARGET_NAME)";
			};
			name = Debug;
		};
		0C1180A51BE97F50004C8F8F /* Release */ = {
			isa = XCBuildConfiguration;
			buildSettings = {
				COPY_PHASE_STRIP = NO;
				DEBUG_INFORMATION_FORMAT = "dwarf-with-dsym";
				GCC_NO_COMMON_BLOCKS = YES;
				OTHER_CFLAGS = "";
				OTHER_LDFLAGS = "";
				PRODUCT_NAME = "$(TARGET_NAME)";
			};
			name = Release;
		};
		0C1180A81BE97F88004C8F8F /* Debug */ = {
			isa = XCBuildConfiguration;
			buildSettings = {
				DEBUGGING_SYMBOLS = YES;
				DEBUG_INFORMATION_FORMAT = dwarf;
				GCC_GENERATE_DEBUGGING_SYMBOLS = YES;
				GCC_NO_COMMON_BLOCKS = YES;
				GCC_OPTIMIZATION_LEVEL = 0;
				OTHER_CFLAGS = "";
				OTHER_LDFLAGS = "";
				PRODUCT_NAME = "$(TARGET_NAME)";
			};
			name = Debug;
		};
		0C1180A91BE97F88004C8F8F /* Release */ = {
			isa = XCBuildConfiguration;
			buildSettings = {
				COPY_PHASE_STRIP = NO;
				DEBUG_INFORMATION_FORMAT = "dwarf-with-dsym";
				GCC_NO_COMMON_BLOCKS = YES;
				OTHER_CFLAGS = "";
				OTHER_LDFLAGS = "";
				PRODUCT_NAME = "$(TARGET_NAME)";
			};
			name = Release;
		};
		0C1180B81BE98490004C8F8F /* Debug */ = {
			isa = XCBuildConfiguration;
			buildSettings = {
				COMBINE_HIDPI_IMAGES = YES;
				DEBUG_INFORMATION_FORMAT = dwarf;
				GCC_NO_COMMON_BLOCKS = YES;
				INFOPLIST_FILE = "$(PROJECT_DIR)/dependencies/ci-tacklebox/gtest-xcode/tvos-bundle/Info.plist";
				LD_RUNPATH_SEARCH_PATHS = "$(inherited) @executable_path/../Frameworks @loader_path/../Frameworks";
				MACOSX_DEPLOYMENT_TARGET = 10.11;
				PRODUCT_BUNDLE_IDENTIFIER = "scraps-tests-macosx-bundle";
				PRODUCT_NAME = "$(TARGET_NAME)";
			};
			name = Debug;
		};
		0C1180B91BE98490004C8F8F /* Release */ = {
			isa = XCBuildConfiguration;
			buildSettings = {
				COMBINE_HIDPI_IMAGES = YES;
				COPY_PHASE_STRIP = NO;
				GCC_NO_COMMON_BLOCKS = YES;
				INFOPLIST_FILE = "$(PROJECT_DIR)/dependencies/ci-tacklebox/gtest-xcode/tvos-bundle/Info.plist";
				LD_RUNPATH_SEARCH_PATHS = "$(inherited) @executable_path/../Frameworks @loader_path/../Frameworks";
				MACOSX_DEPLOYMENT_TARGET = 10.11;
				PRODUCT_BUNDLE_IDENTIFIER = "scraps-tests-macosx-bundle";
				PRODUCT_NAME = "$(TARGET_NAME)";
			};
			name = Release;
		};
		0C1180BC1BE984A3004C8F8F /* Debug */ = {
			isa = XCBuildConfiguration;
			buildSettings = {
				DEBUGGING_SYMBOLS = YES;
				DEBUG_INFORMATION_FORMAT = dwarf;
				GCC_GENERATE_DEBUGGING_SYMBOLS = YES;
				GCC_NO_COMMON_BLOCKS = YES;
				GCC_OPTIMIZATION_LEVEL = 0;
				OTHER_CFLAGS = "";
				OTHER_LDFLAGS = "";
				PRODUCT_NAME = "$(TARGET_NAME)";
			};
			name = Debug;
		};
		0C1180BD1BE984A3004C8F8F /* Release */ = {
			isa = XCBuildConfiguration;
			buildSettings = {
				COPY_PHASE_STRIP = NO;
				DEBUG_INFORMATION_FORMAT = "dwarf-with-dsym";
				GCC_NO_COMMON_BLOCKS = YES;
				OTHER_CFLAGS = "";
				OTHER_LDFLAGS = "";
				PRODUCT_NAME = "$(TARGET_NAME)";
			};
			name = Release;
		};
		0C1180CF1BE9866E004C8F8F /* Debug */ = {
			isa = XCBuildConfiguration;
			buildSettings = {
				DEBUGGING_SYMBOLS = YES;
				DEBUG_INFORMATION_FORMAT = dwarf;
				GCC_GENERATE_DEBUGGING_SYMBOLS = YES;
				GCC_NO_COMMON_BLOCKS = YES;
				GCC_OPTIMIZATION_LEVEL = 0;
				OTHER_CFLAGS = "";
				OTHER_LDFLAGS = "";
				PRODUCT_NAME = "$(TARGET_NAME)";
			};
			name = Debug;
		};
		0C1180D01BE9866E004C8F8F /* Release */ = {
			isa = XCBuildConfiguration;
			buildSettings = {
				COPY_PHASE_STRIP = NO;
				DEBUG_INFORMATION_FORMAT = "dwarf-with-dsym";
				GCC_NO_COMMON_BLOCKS = YES;
				OTHER_CFLAGS = "";
				OTHER_LDFLAGS = "";
				PRODUCT_NAME = "$(TARGET_NAME)";
			};
			name = Release;
		};
		0C1180D31BE9867D004C8F8F /* Debug */ = {
			isa = XCBuildConfiguration;
			buildSettings = {
				DEBUGGING_SYMBOLS = YES;
				DEBUG_INFORMATION_FORMAT = dwarf;
				GCC_GENERATE_DEBUGGING_SYMBOLS = YES;
				GCC_NO_COMMON_BLOCKS = YES;
				GCC_OPTIMIZATION_LEVEL = 0;
				OTHER_CFLAGS = "";
				OTHER_LDFLAGS = "";
				PRODUCT_NAME = "$(TARGET_NAME)";
			};
			name = Debug;
		};
		0C1180D41BE9867D004C8F8F /* Release */ = {
			isa = XCBuildConfiguration;
			buildSettings = {
				COPY_PHASE_STRIP = NO;
				DEBUG_INFORMATION_FORMAT = "dwarf-with-dsym";
				GCC_NO_COMMON_BLOCKS = YES;
				OTHER_CFLAGS = "";
				OTHER_LDFLAGS = "";
				PRODUCT_NAME = "$(TARGET_NAME)";
			};
			name = Release;
		};
		0CE9C1AA1C1A29CD00981705 /* Debug */ = {
			isa = XCBuildConfiguration;
			buildSettings = {
				DEBUG_INFORMATION_FORMAT = dwarf;
				GCC_NO_COMMON_BLOCKS = YES;
				INFOPLIST_FILE = "$(PROJECT_DIR)/dependencies/ci-tacklebox/gtest-xcode/ios-bundle/Info.plist";
				IPHONEOS_DEPLOYMENT_TARGET = 9.2;
				LD_RUNPATH_SEARCH_PATHS = "$(inherited) @executable_path/Frameworks @loader_path/Frameworks";
				PRODUCT_BUNDLE_IDENTIFIER = "scraps-tests-iphoneos-bundle";
				PRODUCT_NAME = "$(TARGET_NAME)";
				SDKROOT = iphoneos;
				SUPPORTED_PLATFORMS = iphoneos;
				TEST_HOST = "$(BUILT_PRODUCTS_DIR)/scraps-tests-iphoneos-host.app/scraps-tests-iphoneos-host";
			};
			name = Debug;
		};
		0CE9C1AB1C1A29CD00981705 /* Release */ = {
			isa = XCBuildConfiguration;
			buildSettings = {
				COPY_PHASE_STRIP = NO;
				GCC_NO_COMMON_BLOCKS = YES;
				INFOPLIST_FILE = "$(PROJECT_DIR)/dependencies/ci-tacklebox/gtest-xcode/ios-bundle/Info.plist";
				IPHONEOS_DEPLOYMENT_TARGET = 9.2;
				LD_RUNPATH_SEARCH_PATHS = "$(inherited) @executable_path/Frameworks @loader_path/Frameworks";
				PRODUCT_BUNDLE_IDENTIFIER = "scraps-tests-iphoneos-bundle";
				PRODUCT_NAME = "$(TARGET_NAME)";
				SDKROOT = iphoneos;
				SUPPORTED_PLATFORMS = iphoneos;
				TEST_HOST = "$(BUILT_PRODUCTS_DIR)/scraps-tests-iphoneos-host.app/scraps-tests-iphoneos-host";
				VALIDATE_PRODUCT = YES;
			};
			name = Release;
		};
		0CE9C1E81C1A3F9F00981705 /* Debug */ = {
			isa = XCBuildConfiguration;
			buildSettings = {
				ASSETCATALOG_COMPILER_APPICON_NAME = AppIcon;
				DEBUG_INFORMATION_FORMAT = dwarf;
				ENABLE_BITCODE = NO;
				GCC_NO_COMMON_BLOCKS = YES;
				INFOPLIST_FILE = "$(PROJECT_DIR)/dependencies/ci-tacklebox/gtest-xcode/ios-host/Info.plist";
				IPHONEOS_DEPLOYMENT_TARGET = 9.2;
				LD_RUNPATH_SEARCH_PATHS = "$(inherited) @executable_path/Frameworks";
				PRODUCT_BUNDLE_IDENTIFIER = "scraps-tests-iphonesimulator-host";
				PRODUCT_NAME = "$(TARGET_NAME)";
				SDKROOT = iphoneos;
				SUPPORTED_PLATFORMS = "iphonesimulator iphoneos";
				TARGETED_DEVICE_FAMILY = "1,2";
			};
			name = Debug;
		};
		0CE9C1E91C1A3F9F00981705 /* Release */ = {
			isa = XCBuildConfiguration;
			buildSettings = {
				ASSETCATALOG_COMPILER_APPICON_NAME = AppIcon;
				COPY_PHASE_STRIP = NO;
				ENABLE_BITCODE = NO;
				GCC_NO_COMMON_BLOCKS = YES;
				INFOPLIST_FILE = "$(PROJECT_DIR)/dependencies/ci-tacklebox/gtest-xcode/ios-host/Info.plist";
				IPHONEOS_DEPLOYMENT_TARGET = 9.2;
				LD_RUNPATH_SEARCH_PATHS = "$(inherited) @executable_path/Frameworks";
				PRODUCT_BUNDLE_IDENTIFIER = "scraps-tests-iphonesimulator-host";
				PRODUCT_NAME = "$(TARGET_NAME)";
				SDKROOT = iphoneos;
				SUPPORTED_PLATFORMS = "iphonesimulator iphoneos";
				TARGETED_DEVICE_FAMILY = "1,2";
				VALIDATE_PRODUCT = YES;
			};
			name = Release;
		};
		0CE9C2041C1A403200981705 /* Debug */ = {
			isa = XCBuildConfiguration;
			buildSettings = {
				BUNDLE_LOADER = "$(TEST_HOST)";
				DEBUG_INFORMATION_FORMAT = dwarf;
				GCC_NO_COMMON_BLOCKS = YES;
				INFOPLIST_FILE = "$(PROJECT_DIR)/dependencies/ci-tacklebox/gtest-xcode/ios-bundle/Info.plist";
				IPHONEOS_DEPLOYMENT_TARGET = 9.2;
				LD_RUNPATH_SEARCH_PATHS = "$(inherited) @executable_path/Frameworks @loader_path/Frameworks";
				PRODUCT_BUNDLE_IDENTIFIER = "scraps-tests-iphonesimulator-bundle";
				PRODUCT_NAME = "$(TARGET_NAME)";
				SDKROOT = iphoneos;
				SUPPORTED_PLATFORMS = iphonesimulator;
				TEST_HOST = "$(BUILT_PRODUCTS_DIR)/scraps-tests-iphonesimulator-host.app/scraps-tests-iphonesimulator-host";
			};
			name = Debug;
		};
		0CE9C2051C1A403200981705 /* Release */ = {
			isa = XCBuildConfiguration;
			buildSettings = {
				BUNDLE_LOADER = "$(TEST_HOST)";
				COPY_PHASE_STRIP = NO;
				GCC_NO_COMMON_BLOCKS = YES;
				INFOPLIST_FILE = "$(PROJECT_DIR)/dependencies/ci-tacklebox/gtest-xcode/ios-bundle/Info.plist";
				IPHONEOS_DEPLOYMENT_TARGET = 9.2;
				LD_RUNPATH_SEARCH_PATHS = "$(inherited) @executable_path/Frameworks @loader_path/Frameworks";
				PRODUCT_BUNDLE_IDENTIFIER = "scraps-tests-iphonesimulator-bundle";
				PRODUCT_NAME = "$(TARGET_NAME)";
				SDKROOT = iphoneos;
				SUPPORTED_PLATFORMS = iphonesimulator;
				TEST_HOST = "$(BUILT_PRODUCTS_DIR)/scraps-tests-iphonesimulator-host.app/scraps-tests-iphonesimulator-host";
				VALIDATE_PRODUCT = YES;
			};
			name = Release;
		};
		0CE9C23A1C1A406200981705 /* Debug */ = {
			isa = XCBuildConfiguration;
			buildSettings = {
				ASSETCATALOG_COMPILER_APPICON_NAME = AppIcon;
				DEBUG_INFORMATION_FORMAT = dwarf;
				ENABLE_BITCODE = NO;
				GCC_NO_COMMON_BLOCKS = YES;
				INFOPLIST_FILE = "$(PROJECT_DIR)/dependencies/ci-tacklebox/gtest-xcode/ios-host/Info.plist";
				IPHONEOS_DEPLOYMENT_TARGET = 9.2;
				LD_RUNPATH_SEARCH_PATHS = "$(inherited) @executable_path/Frameworks";
				PRODUCT_BUNDLE_IDENTIFIER = "scraps-tests-iphoneos-host";
				PRODUCT_NAME = "$(TARGET_NAME)";
				SDKROOT = iphoneos;
				SUPPORTED_PLATFORMS = iphoneos;
				TARGETED_DEVICE_FAMILY = "1,2";
			};
			name = Debug;
		};
		0CE9C23B1C1A406200981705 /* Release */ = {
			isa = XCBuildConfiguration;
			buildSettings = {
				ASSETCATALOG_COMPILER_APPICON_NAME = AppIcon;
				COPY_PHASE_STRIP = NO;
				ENABLE_BITCODE = NO;
				GCC_NO_COMMON_BLOCKS = YES;
				INFOPLIST_FILE = "$(PROJECT_DIR)/dependencies/ci-tacklebox/gtest-xcode/ios-host/Info.plist";
				IPHONEOS_DEPLOYMENT_TARGET = 9.2;
				LD_RUNPATH_SEARCH_PATHS = "$(inherited) @executable_path/Frameworks";
				PRODUCT_BUNDLE_IDENTIFIER = "scraps-tests-iphoneos-host";
				PRODUCT_NAME = "$(TARGET_NAME)";
				SDKROOT = iphoneos;
				SUPPORTED_PLATFORMS = iphoneos;
				TARGETED_DEVICE_FAMILY = "1,2";
				VALIDATE_PRODUCT = YES;
			};
			name = Release;
		};
		0CE9C25C1C1A539A00981705 /* Debug */ = {
			isa = XCBuildConfiguration;
			buildSettings = {
				ASSETCATALOG_COMPILER_APPICON_NAME = "App Icon & Top Shelf Image";
				ASSETCATALOG_COMPILER_LAUNCHIMAGE_NAME = LaunchImage;
				DEBUG_INFORMATION_FORMAT = dwarf;
				GCC_NO_COMMON_BLOCKS = YES;
				INFOPLIST_FILE = "$(PROJECT_DIR)/dependencies/ci-tacklebox/gtest-xcode/tvos-host/Info.plist";
				LD_RUNPATH_SEARCH_PATHS = "$(inherited) @executable_path/Frameworks";
				PRODUCT_BUNDLE_IDENTIFIER = "scraps-tests-appletvos-host";
				PRODUCT_NAME = "$(TARGET_NAME)";
				PROVISIONING_PROFILE = "";
				SDKROOT = appletvos;
				SUPPORTED_PLATFORMS = appletvos;
				TARGETED_DEVICE_FAMILY = 3;
				TVOS_DEPLOYMENT_TARGET = 9.1;
			};
			name = Debug;
		};
		0CE9C25D1C1A539A00981705 /* Release */ = {
			isa = XCBuildConfiguration;
			buildSettings = {
				ASSETCATALOG_COMPILER_APPICON_NAME = "App Icon & Top Shelf Image";
				ASSETCATALOG_COMPILER_LAUNCHIMAGE_NAME = LaunchImage;
				COPY_PHASE_STRIP = NO;
				GCC_NO_COMMON_BLOCKS = YES;
				INFOPLIST_FILE = "$(PROJECT_DIR)/dependencies/ci-tacklebox/gtest-xcode/tvos-host/Info.plist";
				LD_RUNPATH_SEARCH_PATHS = "$(inherited) @executable_path/Frameworks";
				PRODUCT_BUNDLE_IDENTIFIER = "scraps-tests-appletvos-host";
				PRODUCT_NAME = "$(TARGET_NAME)";
				PROVISIONING_PROFILE = "";
				SDKROOT = appletvos;
				SUPPORTED_PLATFORMS = appletvos;
				TARGETED_DEVICE_FAMILY = 3;
				TVOS_DEPLOYMENT_TARGET = 9.1;
				VALIDATE_PRODUCT = YES;
			};
			name = Release;
		};
		0CE9C2741C1A53AD00981705 /* Debug */ = {
			isa = XCBuildConfiguration;
			buildSettings = {
				ASSETCATALOG_COMPILER_APPICON_NAME = "App Icon & Top Shelf Image";
				ASSETCATALOG_COMPILER_LAUNCHIMAGE_NAME = LaunchImage;
				DEBUG_INFORMATION_FORMAT = dwarf;
				GCC_NO_COMMON_BLOCKS = YES;
				INFOPLIST_FILE = "$(PROJECT_DIR)/dependencies/ci-tacklebox/gtest-xcode/tvos-host/Info.plist";
				LD_RUNPATH_SEARCH_PATHS = "$(inherited) @executable_path/Frameworks";
				PRODUCT_BUNDLE_IDENTIFIER = "scraps-tests-appletvsimulator-host";
				PRODUCT_NAME = "$(TARGET_NAME)";
				SDKROOT = appletvos;
				TARGETED_DEVICE_FAMILY = 3;
				TVOS_DEPLOYMENT_TARGET = 9.1;
			};
			name = Debug;
		};
		0CE9C2751C1A53AD00981705 /* Release */ = {
			isa = XCBuildConfiguration;
			buildSettings = {
				ASSETCATALOG_COMPILER_APPICON_NAME = "App Icon & Top Shelf Image";
				ASSETCATALOG_COMPILER_LAUNCHIMAGE_NAME = LaunchImage;
				COPY_PHASE_STRIP = NO;
				GCC_NO_COMMON_BLOCKS = YES;
				INFOPLIST_FILE = "$(PROJECT_DIR)/dependencies/ci-tacklebox/gtest-xcode/tvos-host/Info.plist";
				LD_RUNPATH_SEARCH_PATHS = "$(inherited) @executable_path/Frameworks";
				PRODUCT_BUNDLE_IDENTIFIER = "scraps-tests-appletvsimulator-host";
				PRODUCT_NAME = "$(TARGET_NAME)";
				SDKROOT = appletvos;
				TARGETED_DEVICE_FAMILY = 3;
				TVOS_DEPLOYMENT_TARGET = 9.1;
				VALIDATE_PRODUCT = YES;
			};
			name = Release;
		};
		0CE9C2821C1A53EB00981705 /* Debug */ = {
			isa = XCBuildConfiguration;
			buildSettings = {
				BUNDLE_LOADER = "$(TEST_HOST)";
				DEBUG_INFORMATION_FORMAT = dwarf;
				GCC_NO_COMMON_BLOCKS = YES;
				INFOPLIST_FILE = "$(PROJECT_DIR)/dependencies/ci-tacklebox/gtest-xcode/tvos-bundle/Info.plist";
				LD_RUNPATH_SEARCH_PATHS = "$(inherited) @executable_path/Frameworks @loader_path/Frameworks";
				PRODUCT_BUNDLE_IDENTIFIER = "scraps-tests-appletvos-bundle";
				PRODUCT_NAME = "$(TARGET_NAME)";
				PROVISIONING_PROFILE = "";
				SDKROOT = appletvos;
				TEST_HOST = "$(BUILT_PRODUCTS_DIR)/scraps-tests-appletvos-host.app/scraps-tests-appletvos-host";
				TVOS_DEPLOYMENT_TARGET = 9.1;
			};
			name = Debug;
		};
		0CE9C2831C1A53EB00981705 /* Release */ = {
			isa = XCBuildConfiguration;
			buildSettings = {
				BUNDLE_LOADER = "$(TEST_HOST)";
				COPY_PHASE_STRIP = NO;
				GCC_NO_COMMON_BLOCKS = YES;
				INFOPLIST_FILE = "$(PROJECT_DIR)/dependencies/ci-tacklebox/gtest-xcode/tvos-bundle/Info.plist";
				LD_RUNPATH_SEARCH_PATHS = "$(inherited) @executable_path/Frameworks @loader_path/Frameworks";
				PRODUCT_BUNDLE_IDENTIFIER = "scraps-tests-appletvos-bundle";
				PRODUCT_NAME = "$(TARGET_NAME)";
				PROVISIONING_PROFILE = "";
				SDKROOT = appletvos;
				TEST_HOST = "$(BUILT_PRODUCTS_DIR)/scraps-tests-appletvos-host.app/scraps-tests-appletvos-host";
				TVOS_DEPLOYMENT_TARGET = 9.1;
				VALIDATE_PRODUCT = YES;
			};
			name = Release;
		};
		0CE9C2901C1A540100981705 /* Debug */ = {
			isa = XCBuildConfiguration;
			buildSettings = {
				BUNDLE_LOADER = "$(TEST_HOST)";
				DEBUG_INFORMATION_FORMAT = dwarf;
				GCC_NO_COMMON_BLOCKS = YES;
				INFOPLIST_FILE = "$(PROJECT_DIR)/dependencies/ci-tacklebox/gtest-xcode/tvos-bundle/Info.plist";
				LD_RUNPATH_SEARCH_PATHS = "$(inherited) @executable_path/Frameworks @loader_path/Frameworks";
				PRODUCT_BUNDLE_IDENTIFIER = "scraps-tests-appletvsimulator-bundle";
				PRODUCT_NAME = "$(TARGET_NAME)";
				SDKROOT = appletvos;
				TEST_HOST = "$(BUILT_PRODUCTS_DIR)/scraps-tests-appletvsimulator-host.app/scraps-tests-appletvsimulator-host";
				TVOS_DEPLOYMENT_TARGET = 9.1;
			};
			name = Debug;
		};
		0CE9C2911C1A540100981705 /* Release */ = {
			isa = XCBuildConfiguration;
			buildSettings = {
				BUNDLE_LOADER = "$(TEST_HOST)";
				COPY_PHASE_STRIP = NO;
				GCC_NO_COMMON_BLOCKS = YES;
				INFOPLIST_FILE = "$(PROJECT_DIR)/dependencies/ci-tacklebox/gtest-xcode/tvos-bundle/Info.plist";
				LD_RUNPATH_SEARCH_PATHS = "$(inherited) @executable_path/Frameworks @loader_path/Frameworks";
				PRODUCT_BUNDLE_IDENTIFIER = "scraps-tests-appletvsimulator-bundle";
				PRODUCT_NAME = "$(TARGET_NAME)";
				SDKROOT = appletvos;
				TEST_HOST = "$(BUILT_PRODUCTS_DIR)/scraps-tests-appletvsimulator-host.app/scraps-tests-appletvsimulator-host";
				TVOS_DEPLOYMENT_TARGET = 9.1;
				VALIDATE_PRODUCT = YES;
			};
			name = Release;
		};
/* End XCBuildConfiguration section */

/* Begin XCConfigurationList section */
		0C0D27741A9BA1BA00FF71B0 /* Build configuration list for PBXProject "scraps" */ = {
			isa = XCConfigurationList;
			buildConfigurations = (
				0C0D27761A9BA1BA00FF71B0 /* Debug */,
				0C0D27771A9BA1BA00FF71B0 /* Release */,
			);
			defaultConfigurationIsVisible = 0;
			defaultConfigurationName = Release;
		};
		0C0D27781A9BA1BA00FF71B0 /* Build configuration list for PBXLegacyTarget "scraps" */ = {
			isa = XCConfigurationList;
			buildConfigurations = (
				0C0D27791A9BA1BA00FF71B0 /* Debug */,
				0C0D277A1A9BA1BA00FF71B0 /* Release */,
			);
			defaultConfigurationIsVisible = 0;
			defaultConfigurationName = Release;
		};
		0C1180A31BE97F50004C8F8F /* Build configuration list for PBXLegacyTarget "scraps-tests-iphoneos" */ = {
			isa = XCConfigurationList;
			buildConfigurations = (
				0C1180A41BE97F50004C8F8F /* Debug */,
				0C1180A51BE97F50004C8F8F /* Release */,
			);
			defaultConfigurationIsVisible = 0;
			defaultConfigurationName = Release;
		};
		0C1180A71BE97F88004C8F8F /* Build configuration list for PBXLegacyTarget "scraps-tests-iphonesimulator" */ = {
			isa = XCConfigurationList;
			buildConfigurations = (
				0C1180A81BE97F88004C8F8F /* Debug */,
				0C1180A91BE97F88004C8F8F /* Release */,
			);
			defaultConfigurationIsVisible = 0;
			defaultConfigurationName = Release;
		};
		0C1180B71BE98490004C8F8F /* Build configuration list for PBXNativeTarget "scraps-tests-macosx-bundle" */ = {
			isa = XCConfigurationList;
			buildConfigurations = (
				0C1180B81BE98490004C8F8F /* Debug */,
				0C1180B91BE98490004C8F8F /* Release */,
			);
			defaultConfigurationIsVisible = 0;
			defaultConfigurationName = Release;
		};
		0C1180BB1BE984A3004C8F8F /* Build configuration list for PBXLegacyTarget "scraps-tests-macosx" */ = {
			isa = XCConfigurationList;
			buildConfigurations = (
				0C1180BC1BE984A3004C8F8F /* Debug */,
				0C1180BD1BE984A3004C8F8F /* Release */,
			);
			defaultConfigurationIsVisible = 0;
			defaultConfigurationName = Release;
		};
		0C1180CE1BE9866E004C8F8F /* Build configuration list for PBXLegacyTarget "scraps-tests-appletvos" */ = {
			isa = XCConfigurationList;
			buildConfigurations = (
				0C1180CF1BE9866E004C8F8F /* Debug */,
				0C1180D01BE9866E004C8F8F /* Release */,
			);
			defaultConfigurationIsVisible = 0;
			defaultConfigurationName = Release;
		};
		0C1180D21BE9867D004C8F8F /* Build configuration list for PBXLegacyTarget "scraps-tests-appletvsimulator" */ = {
			isa = XCConfigurationList;
			buildConfigurations = (
				0C1180D31BE9867D004C8F8F /* Debug */,
				0C1180D41BE9867D004C8F8F /* Release */,
			);
			defaultConfigurationIsVisible = 0;
			defaultConfigurationName = Release;
		};
		0CE9C1AC1C1A29CD00981705 /* Build configuration list for PBXNativeTarget "scraps-tests-iphoneos-bundle" */ = {
			isa = XCConfigurationList;
			buildConfigurations = (
				0CE9C1AA1C1A29CD00981705 /* Debug */,
				0CE9C1AB1C1A29CD00981705 /* Release */,
			);
			defaultConfigurationIsVisible = 0;
			defaultConfigurationName = Release;
		};
		0CE9C1E71C1A3F9F00981705 /* Build configuration list for PBXNativeTarget "scraps-tests-iphonesimulator-host" */ = {
			isa = XCConfigurationList;
			buildConfigurations = (
				0CE9C1E81C1A3F9F00981705 /* Debug */,
				0CE9C1E91C1A3F9F00981705 /* Release */,
			);
			defaultConfigurationIsVisible = 0;
			defaultConfigurationName = Release;
		};
		0CE9C2031C1A403200981705 /* Build configuration list for PBXNativeTarget "scraps-tests-iphonesimulator-bundle" */ = {
			isa = XCConfigurationList;
			buildConfigurations = (
				0CE9C2041C1A403200981705 /* Debug */,
				0CE9C2051C1A403200981705 /* Release */,
			);
			defaultConfigurationIsVisible = 0;
			defaultConfigurationName = Release;
		};
		0CE9C2391C1A406200981705 /* Build configuration list for PBXNativeTarget "scraps-tests-iphoneos-host" */ = {
			isa = XCConfigurationList;
			buildConfigurations = (
				0CE9C23A1C1A406200981705 /* Debug */,
				0CE9C23B1C1A406200981705 /* Release */,
			);
			defaultConfigurationIsVisible = 0;
			defaultConfigurationName = Release;
		};
		0CE9C25B1C1A539A00981705 /* Build configuration list for PBXNativeTarget "scraps-tests-appletvos-host" */ = {
			isa = XCConfigurationList;
			buildConfigurations = (
				0CE9C25C1C1A539A00981705 /* Debug */,
				0CE9C25D1C1A539A00981705 /* Release */,
			);
			defaultConfigurationIsVisible = 0;
			defaultConfigurationName = Release;
		};
		0CE9C2731C1A53AD00981705 /* Build configuration list for PBXNativeTarget "scraps-tests-appletvsimulator-host" */ = {
			isa = XCConfigurationList;
			buildConfigurations = (
				0CE9C2741C1A53AD00981705 /* Debug */,
				0CE9C2751C1A53AD00981705 /* Release */,
			);
			defaultConfigurationIsVisible = 0;
			defaultConfigurationName = Release;
		};
		0CE9C2811C1A53EB00981705 /* Build configuration list for PBXNativeTarget "scraps-tests-appletvos-bundle" */ = {
			isa = XCConfigurationList;
			buildConfigurations = (
				0CE9C2821C1A53EB00981705 /* Debug */,
				0CE9C2831C1A53EB00981705 /* Release */,
			);
			defaultConfigurationIsVisible = 0;
			defaultConfigurationName = Release;
		};
		0CE9C28F1C1A540100981705 /* Build configuration list for PBXNativeTarget "scraps-tests-appletvsimulator-bundle" */ = {
			isa = XCConfigurationList;
			buildConfigurations = (
				0CE9C2901C1A540100981705 /* Debug */,
				0CE9C2911C1A540100981705 /* Release */,
			);
			defaultConfigurationIsVisible = 0;
			defaultConfigurationName = Release;
		};
/* End XCConfigurationList section */
	};
	rootObject = 0C0D27711A9BA1BA00FF71B0 /* Project object */;
}
